
Microsoft Visual Studio Solution File, Format Version 12.00
# Visual Studio Version 16
VisualStudioVersion = 16.0.30104.148
MinimumVisualStudioVersion = 10.0.40219.1
Project("{9A19103F-16F7-4668-BE54-9A1E7A4F7556}") = "Basic", "Basic\Basic.csproj", "{B01B4230-42C0-4AE3-ADEE-F382B678783F}"
EndProject
Project("{9A19103F-16F7-4668-BE54-9A1E7A4F7556}") = "IdentityExample", "IdentityExample\IdentityExample.csproj", "{23A331AE-C381-4786-9DC9-FEA261B3902C}"
EndProject
Project("{2150E333-8FDC-42A3-9474-1A3956D46DE8}") = "Basic", "Basic", "{253F8AA3-4BDA-4567-BB2F-9555EB6EF4C4}"
EndProject
Project("{2150E333-8FDC-42A3-9474-1A3956D46DE8}") = "oauth", "oauth", "{E4B07660-B5B3-41FD-9C17-FFC996F6D3B7}"
EndProject
Project("{9A19103F-16F7-4668-BE54-9A1E7A4F7556}") = "Server", "Server\Server.csproj", "{B905B731-1C85-4B90-B17A-EBF76D7A9FF7}"
EndProject
Project("{9A19103F-16F7-4668-BE54-9A1E7A4F7556}") = "Client", "Client\Client.csproj", "{122C5C4B-D6A6-4C69-A590-863F6310B818}"
EndProject
Project("{FAE04EC0-301F-11D3-BF4B-00C04F79EFBC}") = "Api", "Api\Api.csproj", "{C3ED4DAC-3F6F-4F3E-94D8-3A752E5DEBD1}"
EndProject
Global
	GlobalSection(SolutionConfigurationPlatforms) = preSolution
		Debug|Any CPU = Debug|Any CPU
		Release|Any CPU = Release|Any CPU
	EndGlobalSection
	GlobalSection(ProjectConfigurationPlatforms) = postSolution
		{B01B4230-42C0-4AE3-ADEE-F382B678783F}.Debug|Any CPU.ActiveCfg = Debug|Any CPU
		{B01B4230-42C0-4AE3-ADEE-F382B678783F}.Debug|Any CPU.Build.0 = Debug|Any CPU
		{B01B4230-42C0-4AE3-ADEE-F382B678783F}.Release|Any CPU.ActiveCfg = Release|Any CPU
		{B01B4230-42C0-4AE3-ADEE-F382B678783F}.Release|Any CPU.Build.0 = Release|Any CPU
		{23A331AE-C381-4786-9DC9-FEA261B3902C}.Debug|Any CPU.ActiveCfg = Debug|Any CPU
		{23A331AE-C381-4786-9DC9-FEA261B3902C}.Debug|Any CPU.Build.0 = Debug|Any CPU
		{23A331AE-C381-4786-9DC9-FEA261B3902C}.Release|Any CPU.ActiveCfg = Release|Any CPU
		{23A331AE-C381-4786-9DC9-FEA261B3902C}.Release|Any CPU.Build.0 = Release|Any CPU
		{B905B731-1C85-4B90-B17A-EBF76D7A9FF7}.Debug|Any CPU.ActiveCfg = Debug|Any CPU
		{B905B731-1C85-4B90-B17A-EBF76D7A9FF7}.Debug|Any CPU.Build.0 = Debug|Any CPU
		{B905B731-1C85-4B90-B17A-EBF76D7A9FF7}.Release|Any CPU.ActiveCfg = Release|Any CPU
		{B905B731-1C85-4B90-B17A-EBF76D7A9FF7}.Release|Any CPU.Build.0 = Release|Any CPU
		{122C5C4B-D6A6-4C69-A590-863F6310B818}.Debug|Any CPU.ActiveCfg = Debug|Any CPU
		{122C5C4B-D6A6-4C69-A590-863F6310B818}.Debug|Any CPU.Build.0 = Debug|Any CPU
		{122C5C4B-D6A6-4C69-A590-863F6310B818}.Release|Any CPU.ActiveCfg = Release|Any CPU
		{122C5C4B-D6A6-4C69-A590-863F6310B818}.Release|Any CPU.Build.0 = Release|Any CPU
		{C3ED4DAC-3F6F-4F3E-94D8-3A752E5DEBD1}.Debug|Any CPU.ActiveCfg = Debug|Any CPU
		{C3ED4DAC-3F6F-4F3E-94D8-3A752E5DEBD1}.Debug|Any CPU.Build.0 = Debug|Any CPU
		{C3ED4DAC-3F6F-4F3E-94D8-3A752E5DEBD1}.Release|Any CPU.ActiveCfg = Release|Any CPU
		{C3ED4DAC-3F6F-4F3E-94D8-3A752E5DEBD1}.Release|Any CPU.Build.0 = Release|Any CPU
	EndGlobalSection
	GlobalSection(SolutionProperties) = preSolution
		HideSolutionNode = FALSE
	EndGlobalSection
	GlobalSection(NestedProjects) = preSolution
		{B01B4230-42C0-4AE3-ADEE-F382B678783F} = {253F8AA3-4BDA-4567-BB2F-9555EB6EF4C4}
		{23A331AE-C381-4786-9DC9-FEA261B3902C} = {253F8AA3-4BDA-4567-BB2F-9555EB6EF4C4}
		{B905B731-1C85-4B90-B17A-EBF76D7A9FF7} = {E4B07660-B5B3-41FD-9C17-FFC996F6D3B7}
		{122C5C4B-D6A6-4C69-A590-863F6310B818} = {E4B07660-B5B3-41FD-9C17-FFC996F6D3B7}
		{C3ED4DAC-3F6F-4F3E-94D8-3A752E5DEBD1} = {E4B07660-B5B3-41FD-9C17-FFC996F6D3B7}
	EndGlobalSection
	GlobalSection(ExtensibilityGlobals) = postSolution
		SolutionGuid = {ACD1ED42-7073-4973-8519-7394D840C65D}
	EndGlobalSection
EndGlobal
